
Microsoft Visual Studio Solution File, Format Version 12.00
# Visual Studio Version 17
VisualStudioVersion = 17.9.34728.123
MinimumVisualStudioVersion = 10.0.40219.1
Project("{FAE04EC0-301F-11D3-BF4B-00C04F79EFBC}") = "JomareHospitalSystem", "JomareHospitalSystem\JomareHospitalSystem.csproj", "{89AD5C21-BBC1-4012-B7F3-8F7A4C6F096E}"
EndProject
Global
	GlobalSection(SolutionConfigurationPlatforms) = preSolution
		Debug|Any CPU = Debug|Any CPU
		Release|Any CPU = Release|Any CPU
	EndGlobalSection
	GlobalSection(ProjectConfigurationPlatforms) = postSolution
		{89AD5C21-BBC1-4012-B7F3-8F7A4C6F096E}.Debug|Any CPU.ActiveCfg = Debug|Any CPU
		{89AD5C21-BBC1-4012-B7F3-8F7A4C6F096E}.Debug|Any CPU.Build.0 = Debug|Any CPU
		{89AD5C21-BBC1-4012-B7F3-8F7A4C6F096E}.Release|Any CPU.ActiveCfg = Release|Any CPU
		{89AD5C21-BBC1-4012-B7F3-8F7A4C6F096E}.Release|Any CPU.Build.0 = Release|Any CPU
	EndGlobalSection
	GlobalSection(SolutionProperties) = preSolution
		HideSolutionNode = FALSE
	EndGlobalSection
	GlobalSection(ExtensibilityGlobals) = postSolution
		SolutionGuid = {45720B60-B85C-47D3-9892-F18A57F4AC66}
	EndGlobalSection
EndGlobal
